
Microsoft Visual Studio Solution File, Format Version 12.00
# Visual Studio Version 16
VisualStudioVersion = 16.0.28803.202
MinimumVisualStudioVersion = 10.0.40219.1
Project("{FAE04EC0-301F-11D3-BF4B-00C04F79EFBC}") = "DemoCBP2019_02a", "DemoCBP2019_02a\DemoCBP2019_02a\DemoCBP2019_02a.csproj", "{4657596D-A343-43DF-8DC1-23DF456017F5}"
EndProject
Project("{FAE04EC0-301F-11D3-BF4B-00C04F79EFBC}") = "DemoCBP2019_02a.Android", "DemoCBP2019_02a\DemoCBP2019_02a.Android\DemoCBP2019_02a.Android.csproj", "{BED51240-E677-4C8C-B1E2-C2E10033B85D}"
EndProject
Project("{FAE04EC0-301F-11D3-BF4B-00C04F79EFBC}") = "DemoCBP2019_02a.iOS", "DemoCBP2019_02a\DemoCBP2019_02a.iOS\DemoCBP2019_02a.iOS.csproj", "{DB280F8E-E1AC-4B24-B15B-DF5B346DB9AA}"
EndProject
Project("{FAE04EC0-301F-11D3-BF4B-00C04F79EFBC}") = "DemoCBP2019_02a.UWP", "DemoCBP2019_02a\DemoCBP2019_02a.UWP\DemoCBP2019_02a.UWP.csproj", "{1A3DECA5-FA4F-4F2B-A609-88BC3223EDD7}"
EndProject
Global
	GlobalSection(SolutionConfigurationPlatforms) = preSolution
		Ad-Hoc|Any CPU = Ad-Hoc|Any CPU
		Ad-Hoc|ARM = Ad-Hoc|ARM
		Ad-Hoc|iPhone = Ad-Hoc|iPhone
		Ad-Hoc|iPhoneSimulator = Ad-Hoc|iPhoneSimulator
		Ad-Hoc|x64 = Ad-Hoc|x64
		Ad-Hoc|x86 = Ad-Hoc|x86
		AppStore|Any CPU = AppStore|Any CPU
		AppStore|ARM = AppStore|ARM
		AppStore|iPhone = AppStore|iPhone
		AppStore|iPhoneSimulator = AppStore|iPhoneSimulator
		AppStore|x64 = AppStore|x64
		AppStore|x86 = AppStore|x86
		Debug|Any CPU = Debug|Any CPU
		Debug|ARM = Debug|ARM
		Debug|iPhone = Debug|iPhone
		Debug|iPhoneSimulator = Debug|iPhoneSimulator
		Debug|x64 = Debug|x64
		Debug|x86 = Debug|x86
		Release|Any CPU = Release|Any CPU
		Release|ARM = Release|ARM
		Release|iPhone = Release|iPhone
		Release|iPhoneSimulator = Release|iPhoneSimulator
		Release|x64 = Release|x64
		Release|x86 = Release|x86
	EndGlobalSection
	GlobalSection(ProjectConfigurationPlatforms) = postSolution
		{4657596D-A343-43DF-8DC1-23DF456017F5}.Ad-Hoc|Any CPU.ActiveCfg = Debug|Any CPU
		{4657596D-A343-43DF-8DC1-23DF456017F5}.Ad-Hoc|Any CPU.Build.0 = Debug|Any CPU
		{4657596D-A343-43DF-8DC1-23DF456017F5}.Ad-Hoc|ARM.ActiveCfg = Debug|Any CPU
		{4657596D-A343-43DF-8DC1-23DF456017F5}.Ad-Hoc|ARM.Build.0 = Debug|Any CPU
		{4657596D-A343-43DF-8DC1-23DF456017F5}.Ad-Hoc|iPhone.ActiveCfg = Debug|Any CPU
		{4657596D-A343-43DF-8DC1-23DF456017F5}.Ad-Hoc|iPhone.Build.0 = Debug|Any CPU
		{4657596D-A343-43DF-8DC1-23DF456017F5}.Ad-Hoc|iPhoneSimulator.ActiveCfg = Debug|Any CPU
		{4657596D-A343-43DF-8DC1-23DF456017F5}.Ad-Hoc|iPhoneSimulator.Build.0 = Debug|Any CPU
		{4657596D-A343-43DF-8DC1-23DF456017F5}.Ad-Hoc|x64.ActiveCfg = Debug|Any CPU
		{4657596D-A343-43DF-8DC1-23DF456017F5}.Ad-Hoc|x64.Build.0 = Debug|Any CPU
		{4657596D-A343-43DF-8DC1-23DF456017F5}.Ad-Hoc|x86.ActiveCfg = Debug|Any CPU
		{4657596D-A343-43DF-8DC1-23DF456017F5}.Ad-Hoc|x86.Build.0 = Debug|Any CPU
		{4657596D-A343-43DF-8DC1-23DF456017F5}.AppStore|Any CPU.ActiveCfg = Debug|Any CPU
		{4657596D-A343-43DF-8DC1-23DF456017F5}.AppStore|Any CPU.Build.0 = Debug|Any CPU
		{4657596D-A343-43DF-8DC1-23DF456017F5}.AppStore|ARM.ActiveCfg = Debug|Any CPU
		{4657596D-A343-43DF-8DC1-23DF456017F5}.AppStore|ARM.Build.0 = Debug|Any CPU
		{4657596D-A343-43DF-8DC1-23DF456017F5}.AppStore|iPhone.ActiveCfg = Debug|Any CPU
		{4657596D-A343-43DF-8DC1-23DF456017F5}.AppStore|iPhone.Build.0 = Debug|Any CPU
		{4657596D-A343-43DF-8DC1-23DF456017F5}.AppStore|iPhoneSimulator.ActiveCfg = Debug|Any CPU
		{4657596D-A343-43DF-8DC1-23DF456017F5}.AppStore|iPhoneSimulator.Build.0 = Debug|Any CPU
		{4657596D-A343-43DF-8DC1-23DF456017F5}.AppStore|x64.ActiveCfg = Debug|Any CPU
		{4657596D-A343-43DF-8DC1-23DF456017F5}.AppStore|x64.Build.0 = Debug|Any CPU
		{4657596D-A343-43DF-8DC1-23DF456017F5}.AppStore|x86.ActiveCfg = Debug|Any CPU
		{4657596D-A343-43DF-8DC1-23DF456017F5}.AppStore|x86.Build.0 = Debug|Any CPU
		{4657596D-A343-43DF-8DC1-23DF456017F5}.Debug|Any CPU.ActiveCfg = Debug|Any CPU
		{4657596D-A343-43DF-8DC1-23DF456017F5}.Debug|Any CPU.Build.0 = Debug|Any CPU
		{4657596D-A343-43DF-8DC1-23DF456017F5}.Debug|ARM.ActiveCfg = Debug|Any CPU
		{4657596D-A343-43DF-8DC1-23DF456017F5}.Debug|ARM.Build.0 = Debug|Any CPU
		{4657596D-A343-43DF-8DC1-23DF456017F5}.Debug|iPhone.ActiveCfg = Debug|Any CPU
		{4657596D-A343-43DF-8DC1-23DF456017F5}.Debug|iPhone.Build.0 = Debug|Any CPU
		{4657596D-A343-43DF-8DC1-23DF456017F5}.Debug|iPhoneSimulator.ActiveCfg = Debug|Any CPU
		{4657596D-A343-43DF-8DC1-23DF456017F5}.Debug|iPhoneSimulator.Build.0 = Debug|Any CPU
		{4657596D-A343-43DF-8DC1-23DF456017F5}.Debug|x64.ActiveCfg = Debug|Any CPU
		{4657596D-A343-43DF-8DC1-23DF456017F5}.Debug|x64.Build.0 = Debug|Any CPU
		{4657596D-A343-43DF-8DC1-23DF456017F5}.Debug|x86.ActiveCfg = Debug|Any CPU
		{4657596D-A343-43DF-8DC1-23DF456017F5}.Debug|x86.Build.0 = Debug|Any CPU
		{4657596D-A343-43DF-8DC1-23DF456017F5}.Release|Any CPU.ActiveCfg = Release|Any CPU
		{4657596D-A343-43DF-8DC1-23DF456017F5}.Release|Any CPU.Build.0 = Release|Any CPU
		{4657596D-A343-43DF-8DC1-23DF456017F5}.Release|ARM.ActiveCfg = Release|Any CPU
		{4657596D-A343-43DF-8DC1-23DF456017F5}.Release|ARM.Build.0 = Release|Any CPU
		{4657596D-A343-43DF-8DC1-23DF456017F5}.Release|iPhone.ActiveCfg = Release|Any CPU
		{4657596D-A343-43DF-8DC1-23DF456017F5}.Release|iPhone.Build.0 = Release|Any CPU
		{4657596D-A343-43DF-8DC1-23DF456017F5}.Release|iPhoneSimulator.ActiveCfg = Release|Any CPU
		{4657596D-A343-43DF-8DC1-23DF456017F5}.Release|iPhoneSimulator.Build.0 = Release|Any CPU
		{4657596D-A343-43DF-8DC1-23DF456017F5}.Release|x64.ActiveCfg = Release|Any CPU
		{4657596D-A343-43DF-8DC1-23DF456017F5}.Release|x64.Build.0 = Release|Any CPU
		{4657596D-A343-43DF-8DC1-23DF456017F5}.Release|x86.ActiveCfg = Release|Any CPU
		{4657596D-A343-43DF-8DC1-23DF456017F5}.Release|x86.Build.0 = Release|Any CPU
		{BED51240-E677-4C8C-B1E2-C2E10033B85D}.Ad-Hoc|Any CPU.ActiveCfg = Release|Any CPU
		{BED51240-E677-4C8C-B1E2-C2E10033B85D}.Ad-Hoc|Any CPU.Build.0 = Release|Any CPU
		{BED51240-E677-4C8C-B1E2-C2E10033B85D}.Ad-Hoc|Any CPU.Deploy.0 = Release|Any CPU
		{BED51240-E677-4C8C-B1E2-C2E10033B85D}.Ad-Hoc|ARM.ActiveCfg = Release|Any CPU
		{BED51240-E677-4C8C-B1E2-C2E10033B85D}.Ad-Hoc|ARM.Build.0 = Release|Any CPU
		{BED51240-E677-4C8C-B1E2-C2E10033B85D}.Ad-Hoc|ARM.Deploy.0 = Release|Any CPU
		{BED51240-E677-4C8C-B1E2-C2E10033B85D}.Ad-Hoc|iPhone.ActiveCfg = Release|Any CPU
		{BED51240-E677-4C8C-B1E2-C2E10033B85D}.Ad-Hoc|iPhone.Build.0 = Release|Any CPU
		{BED51240-E677-4C8C-B1E2-C2E10033B85D}.Ad-Hoc|iPhone.Deploy.0 = Release|Any CPU
		{BED51240-E677-4C8C-B1E2-C2E10033B85D}.Ad-Hoc|iPhoneSimulator.ActiveCfg = Release|Any CPU
		{BED51240-E677-4C8C-B1E2-C2E10033B85D}.Ad-Hoc|iPhoneSimulator.Build.0 = Release|Any CPU
		{BED51240-E677-4C8C-B1E2-C2E10033B85D}.Ad-Hoc|iPhoneSimulator.Deploy.0 = Release|Any CPU
		{BED51240-E677-4C8C-B1E2-C2E10033B85D}.Ad-Hoc|x64.ActiveCfg = Release|Any CPU
		{BED51240-E677-4C8C-B1E2-C2E10033B85D}.Ad-Hoc|x64.Build.0 = Release|Any CPU
		{BED51240-E677-4C8C-B1E2-C2E10033B85D}.Ad-Hoc|x64.Deploy.0 = Release|Any CPU
		{BED51240-E677-4C8C-B1E2-C2E10033B85D}.Ad-Hoc|x86.ActiveCfg = Release|Any CPU
		{BED51240-E677-4C8C-B1E2-C2E10033B85D}.Ad-Hoc|x86.Build.0 = Release|Any CPU
		{BED51240-E677-4C8C-B1E2-C2E10033B85D}.Ad-Hoc|x86.Deploy.0 = Release|Any CPU
		{BED51240-E677-4C8C-B1E2-C2E10033B85D}.AppStore|Any CPU.ActiveCfg = Release|Any CPU
		{BED51240-E677-4C8C-B1E2-C2E10033B85D}.AppStore|Any CPU.Build.0 = Release|Any CPU
		{BED51240-E677-4C8C-B1E2-C2E10033B85D}.AppStore|Any CPU.Deploy.0 = Release|Any CPU
		{BED51240-E677-4C8C-B1E2-C2E10033B85D}.AppStore|ARM.ActiveCfg = Release|Any CPU
		{BED51240-E677-4C8C-B1E2-C2E10033B85D}.AppStore|ARM.Build.0 = Release|Any CPU
		{BED51240-E677-4C8C-B1E2-C2E10033B85D}.AppStore|ARM.Deploy.0 = Release|Any CPU
		{BED51240-E677-4C8C-B1E2-C2E10033B85D}.AppStore|iPhone.ActiveCfg = Release|Any CPU
		{BED51240-E677-4C8C-B1E2-C2E10033B85D}.AppStore|iPhone.Build.0 = Release|Any CPU
		{BED51240-E677-4C8C-B1E2-C2E10033B85D}.AppStore|iPhone.Deploy.0 = Release|Any CPU
		{BED51240-E677-4C8C-B1E2-C2E10033B85D}.AppStore|iPhoneSimulator.ActiveCfg = Release|Any CPU
		{BED51240-E677-4C8C-B1E2-C2E10033B85D}.AppStore|iPhoneSimulator.Build.0 = Release|Any CPU
		{BED51240-E677-4C8C-B1E2-C2E10033B85D}.AppStore|iPhoneSimulator.Deploy.0 = Release|Any CPU
		{BED51240-E677-4C8C-B1E2-C2E10033B85D}.AppStore|x64.ActiveCfg = Release|Any CPU
		{BED51240-E677-4C8C-B1E2-C2E10033B85D}.AppStore|x64.Build.0 = Release|Any CPU
		{BED51240-E677-4C8C-B1E2-C2E10033B85D}.AppStore|x64.Deploy.0 = Release|Any CPU
		{BED51240-E677-4C8C-B1E2-C2E10033B85D}.AppStore|x86.ActiveCfg = Release|Any CPU
		{BED51240-E677-4C8C-B1E2-C2E10033B85D}.AppStore|x86.Build.0 = Release|Any CPU
		{BED51240-E677-4C8C-B1E2-C2E10033B85D}.AppStore|x86.Deploy.0 = Release|Any CPU
		{BED51240-E677-4C8C-B1E2-C2E10033B85D}.Debug|Any CPU.ActiveCfg = Debug|Any CPU
		{BED51240-E677-4C8C-B1E2-C2E10033B85D}.Debug|Any CPU.Build.0 = Debug|Any CPU
		{BED51240-E677-4C8C-B1E2-C2E10033B85D}.Debug|Any CPU.Deploy.0 = Debug|Any CPU
		{BED51240-E677-4C8C-B1E2-C2E10033B85D}.Debug|ARM.ActiveCfg = Debug|Any CPU
		{BED51240-E677-4C8C-B1E2-C2E10033B85D}.Debug|ARM.Build.0 = Debug|Any CPU
		{BED51240-E677-4C8C-B1E2-C2E10033B85D}.Debug|ARM.Deploy.0 = Debug|Any CPU
		{BED51240-E677-4C8C-B1E2-C2E10033B85D}.Debug|iPhone.ActiveCfg = Debug|Any CPU
		{BED51240-E677-4C8C-B1E2-C2E10033B85D}.Debug|iPhone.Build.0 = Debug|Any CPU
		{BED51240-E677-4C8C-B1E2-C2E10033B85D}.Debug|iPhone.Deploy.0 = Debug|Any CPU
		{BED51240-E677-4C8C-B1E2-C2E10033B85D}.Debug|iPhoneSimulator.ActiveCfg = Debug|Any CPU
		{BED51240-E677-4C8C-B1E2-C2E10033B85D}.Debug|iPhoneSimulator.Build.0 = Debug|Any CPU
		{BED51240-E677-4C8C-B1E2-C2E10033B85D}.Debug|iPhoneSimulator.Deploy.0 = Debug|Any CPU
		{BED51240-E677-4C8C-B1E2-C2E10033B85D}.Debug|x64.ActiveCfg = Debug|Any CPU
		{BED51240-E677-4C8C-B1E2-C2E10033B85D}.Debug|x64.Build.0 = Debug|Any CPU
		{BED51240-E677-4C8C-B1E2-C2E10033B85D}.Debug|x64.Deploy.0 = Debug|Any CPU
		{BED51240-E677-4C8C-B1E2-C2E10033B85D}.Debug|x86.ActiveCfg = Debug|Any CPU
		{BED51240-E677-4C8C-B1E2-C2E10033B85D}.Debug|x86.Build.0 = Debug|Any CPU
		{BED51240-E677-4C8C-B1E2-C2E10033B85D}.Debug|x86.Deploy.0 = Debug|Any CPU
		{BED51240-E677-4C8C-B1E2-C2E10033B85D}.Release|Any CPU.ActiveCfg = Release|Any CPU
		{BED51240-E677-4C8C-B1E2-C2E10033B85D}.Release|Any CPU.Build.0 = Release|Any CPU
		{BED51240-E677-4C8C-B1E2-C2E10033B85D}.Release|Any CPU.Deploy.0 = Release|Any CPU
		{BED51240-E677-4C8C-B1E2-C2E10033B85D}.Release|ARM.ActiveCfg = Release|Any CPU
		{BED51240-E677-4C8C-B1E2-C2E10033B85D}.Release|ARM.Build.0 = Release|Any CPU
		{BED51240-E677-4C8C-B1E2-C2E10033B85D}.Release|ARM.Deploy.0 = Release|Any CPU
		{BED51240-E677-4C8C-B1E2-C2E10033B85D}.Release|iPhone.ActiveCfg = Release|Any CPU
		{BED51240-E677-4C8C-B1E2-C2E10033B85D}.Release|iPhone.Build.0 = Release|Any CPU
		{BED51240-E677-4C8C-B1E2-C2E10033B85D}.Release|iPhone.Deploy.0 = Release|Any CPU
		{BED51240-E677-4C8C-B1E2-C2E10033B85D}.Release|iPhoneSimulator.ActiveCfg = Release|Any CPU
		{BED51240-E677-4C8C-B1E2-C2E10033B85D}.Release|iPhoneSimulator.Build.0 = Release|Any CPU
		{BED51240-E677-4C8C-B1E2-C2E10033B85D}.Release|iPhoneSimulator.Deploy.0 = Release|Any CPU
		{BED51240-E677-4C8C-B1E2-C2E10033B85D}.Release|x64.ActiveCfg = Release|Any CPU
		{BED51240-E677-4C8C-B1E2-C2E10033B85D}.Release|x64.Build.0 = Release|Any CPU
		{BED51240-E677-4C8C-B1E2-C2E10033B85D}.Release|x64.Deploy.0 = Release|Any CPU
		{BED51240-E677-4C8C-B1E2-C2E10033B85D}.Release|x86.ActiveCfg = Release|Any CPU
		{BED51240-E677-4C8C-B1E2-C2E10033B85D}.Release|x86.Build.0 = Release|Any CPU
		{BED51240-E677-4C8C-B1E2-C2E10033B85D}.Release|x86.Deploy.0 = Release|Any CPU
		{DB280F8E-E1AC-4B24-B15B-DF5B346DB9AA}.Ad-Hoc|Any CPU.ActiveCfg = Ad-Hoc|iPhone
		{DB280F8E-E1AC-4B24-B15B-DF5B346DB9AA}.Ad-Hoc|ARM.ActiveCfg = Ad-Hoc|iPhone
		{DB280F8E-E1AC-4B24-B15B-DF5B346DB9AA}.Ad-Hoc|iPhone.ActiveCfg = Ad-Hoc|iPhone
		{DB280F8E-E1AC-4B24-B15B-DF5B346DB9AA}.Ad-Hoc|iPhone.Build.0 = Ad-Hoc|iPhone
		{DB280F8E-E1AC-4B24-B15B-DF5B346DB9AA}.Ad-Hoc|iPhoneSimulator.ActiveCfg = Ad-Hoc|iPhoneSimulator
		{DB280F8E-E1AC-4B24-B15B-DF5B346DB9AA}.Ad-Hoc|iPhoneSimulator.Build.0 = Ad-Hoc|iPhoneSimulator
		{DB280F8E-E1AC-4B24-B15B-DF5B346DB9AA}.Ad-Hoc|x64.ActiveCfg = Ad-Hoc|iPhone
		{DB280F8E-E1AC-4B24-B15B-DF5B346DB9AA}.Ad-Hoc|x86.ActiveCfg = Ad-Hoc|iPhone
		{DB280F8E-E1AC-4B24-B15B-DF5B346DB9AA}.AppStore|Any CPU.ActiveCfg = AppStore|iPhone
		{DB280F8E-E1AC-4B24-B15B-DF5B346DB9AA}.AppStore|ARM.ActiveCfg = AppStore|iPhone
		{DB280F8E-E1AC-4B24-B15B-DF5B346DB9AA}.AppStore|iPhone.ActiveCfg = AppStore|iPhone
		{DB280F8E-E1AC-4B24-B15B-DF5B346DB9AA}.AppStore|iPhone.Build.0 = AppStore|iPhone
		{DB280F8E-E1AC-4B24-B15B-DF5B346DB9AA}.AppStore|iPhoneSimulator.ActiveCfg = AppStore|iPhoneSimulator
		{DB280F8E-E1AC-4B24-B15B-DF5B346DB9AA}.AppStore|iPhoneSimulator.Build.0 = AppStore|iPhoneSimulator
		{DB280F8E-E1AC-4B24-B15B-DF5B346DB9AA}.AppStore|x64.ActiveCfg = AppStore|iPhone
		{DB280F8E-E1AC-4B24-B15B-DF5B346DB9AA}.AppStore|x86.ActiveCfg = AppStore|iPhone
		{DB280F8E-E1AC-4B24-B15B-DF5B346DB9AA}.Debug|Any CPU.ActiveCfg = Debug|iPhone
		{DB280F8E-E1AC-4B24-B15B-DF5B346DB9AA}.Debug|ARM.ActiveCfg = Debug|iPhone
		{DB280F8E-E1AC-4B24-B15B-DF5B346DB9AA}.Debug|iPhone.ActiveCfg = Debug|iPhone
		{DB280F8E-E1AC-4B24-B15B-DF5B346DB9AA}.Debug|iPhone.Build.0 = Debug|iPhone
		{DB280F8E-E1AC-4B24-B15B-DF5B346DB9AA}.Debug|iPhoneSimulator.ActiveCfg = Debug|iPhoneSimulator
		{DB280F8E-E1AC-4B24-B15B-DF5B346DB9AA}.Debug|iPhoneSimulator.Build.0 = Debug|iPhoneSimulator
		{DB280F8E-E1AC-4B24-B15B-DF5B346DB9AA}.Debug|x64.ActiveCfg = Debug|iPhone
		{DB280F8E-E1AC-4B24-B15B-DF5B346DB9AA}.Debug|x86.ActiveCfg = Debug|iPhone
		{DB280F8E-E1AC-4B24-B15B-DF5B346DB9AA}.Release|Any CPU.ActiveCfg = Release|iPhone
		{DB280F8E-E1AC-4B24-B15B-DF5B346DB9AA}.Release|ARM.ActiveCfg = Release|iPhone
		{DB280F8E-E1AC-4B24-B15B-DF5B346DB9AA}.Release|iPhone.ActiveCfg = Release|iPhone
		{DB280F8E-E1AC-4B24-B15B-DF5B346DB9AA}.Release|iPhone.Build.0 = Release|iPhone
		{DB280F8E-E1AC-4B24-B15B-DF5B346DB9AA}.Release|iPhoneSimulator.ActiveCfg = Release|iPhoneSimulator
		{DB280F8E-E1AC-4B24-B15B-DF5B346DB9AA}.Release|iPhoneSimulator.Build.0 = Release|iPhoneSimulator
		{DB280F8E-E1AC-4B24-B15B-DF5B346DB9AA}.Release|x64.ActiveCfg = Release|iPhone
		{DB280F8E-E1AC-4B24-B15B-DF5B346DB9AA}.Release|x86.ActiveCfg = Release|iPhone
		{1A3DECA5-FA4F-4F2B-A609-88BC3223EDD7}.Ad-Hoc|Any CPU.ActiveCfg = Release|x86
		{1A3DECA5-FA4F-4F2B-A609-88BC3223EDD7}.Ad-Hoc|Any CPU.Build.0 = Release|x86
		{1A3DECA5-FA4F-4F2B-A609-88BC3223EDD7}.Ad-Hoc|Any CPU.Deploy.0 = Release|x86
		{1A3DECA5-FA4F-4F2B-A609-88BC3223EDD7}.Ad-Hoc|ARM.ActiveCfg = Release|ARM
		{1A3DECA5-FA4F-4F2B-A609-88BC3223EDD7}.Ad-Hoc|ARM.Build.0 = Release|ARM
		{1A3DECA5-FA4F-4F2B-A609-88BC3223EDD7}.Ad-Hoc|ARM.Deploy.0 = Release|ARM
		{1A3DECA5-FA4F-4F2B-A609-88BC3223EDD7}.Ad-Hoc|iPhone.ActiveCfg = Release|x86
		{1A3DECA5-FA4F-4F2B-A609-88BC3223EDD7}.Ad-Hoc|iPhone.Build.0 = Release|x86
		{1A3DECA5-FA4F-4F2B-A609-88BC3223EDD7}.Ad-Hoc|iPhone.Deploy.0 = Release|x86
		{1A3DECA5-FA4F-4F2B-A609-88BC3223EDD7}.Ad-Hoc|iPhoneSimulator.ActiveCfg = Release|x86
		{1A3DECA5-FA4F-4F2B-A609-88BC3223EDD7}.Ad-Hoc|iPhoneSimulator.Build.0 = Release|x86
		{1A3DECA5-FA4F-4F2B-A609-88BC3223EDD7}.Ad-Hoc|iPhoneSimulator.Deploy.0 = Release|x86
		{1A3DECA5-FA4F-4F2B-A609-88BC3223EDD7}.Ad-Hoc|x64.ActiveCfg = Release|x64
		{1A3DECA5-FA4F-4F2B-A609-88BC3223EDD7}.Ad-Hoc|x64.Build.0 = Release|x64
		{1A3DECA5-FA4F-4F2B-A609-88BC3223EDD7}.Ad-Hoc|x64.Deploy.0 = Release|x64
		{1A3DECA5-FA4F-4F2B-A609-88BC3223EDD7}.Ad-Hoc|x86.ActiveCfg = Release|x86
		{1A3DECA5-FA4F-4F2B-A609-88BC3223EDD7}.Ad-Hoc|x86.Build.0 = Release|x86
		{1A3DECA5-FA4F-4F2B-A609-88BC3223EDD7}.Ad-Hoc|x86.Deploy.0 = Release|x86
		{1A3DECA5-FA4F-4F2B-A609-88BC3223EDD7}.AppStore|Any CPU.ActiveCfg = Release|x86
		{1A3DECA5-FA4F-4F2B-A609-88BC3223EDD7}.AppStore|Any CPU.Build.0 = Release|x86
		{1A3DECA5-FA4F-4F2B-A609-88BC3223EDD7}.AppStore|Any CPU.Deploy.0 = Release|x86
		{1A3DECA5-FA4F-4F2B-A609-88BC3223EDD7}.AppStore|ARM.ActiveCfg = Release|ARM
		{1A3DECA5-FA4F-4F2B-A609-88BC3223EDD7}.AppStore|ARM.Build.0 = Release|ARM
		{1A3DECA5-FA4F-4F2B-A609-88BC3223EDD7}.AppStore|ARM.Deploy.0 = Release|ARM
		{1A3DECA5-FA4F-4F2B-A609-88BC3223EDD7}.AppStore|iPhone.ActiveCfg = Release|x86
		{1A3DECA5-FA4F-4F2B-A609-88BC3223EDD7}.AppStore|iPhone.Build.0 = Release|x86
		{1A3DECA5-FA4F-4F2B-A609-88BC3223EDD7}.AppStore|iPhone.Deploy.0 = Release|x86
		{1A3DECA5-FA4F-4F2B-A609-88BC3223EDD7}.AppStore|iPhoneSimulator.ActiveCfg = Release|x86
		{1A3DECA5-FA4F-4F2B-A609-88BC3223EDD7}.AppStore|iPhoneSimulator.Build.0 = Release|x86
		{1A3DECA5-FA4F-4F2B-A609-88BC3223EDD7}.AppStore|iPhoneSimulator.Deploy.0 = Release|x86
		{1A3DECA5-FA4F-4F2B-A609-88BC3223EDD7}.AppStore|x64.ActiveCfg = Release|x64
		{1A3DECA5-FA4F-4F2B-A609-88BC3223EDD7}.AppStore|x64.Build.0 = Release|x64
		{1A3DECA5-FA4F-4F2B-A609-88BC3223EDD7}.AppStore|x64.Deploy.0 = Release|x64
		{1A3DECA5-FA4F-4F2B-A609-88BC3223EDD7}.AppStore|x86.ActiveCfg = Release|x86
		{1A3DECA5-FA4F-4F2B-A609-88BC3223EDD7}.AppStore|x86.Build.0 = Release|x86
		{1A3DECA5-FA4F-4F2B-A609-88BC3223EDD7}.AppStore|x86.Deploy.0 = Release|x86
		{1A3DECA5-FA4F-4F2B-A609-88BC3223EDD7}.Debug|Any CPU.ActiveCfg = Debug|x86
		{1A3DECA5-FA4F-4F2B-A609-88BC3223EDD7}.Debug|ARM.ActiveCfg = Debug|ARM
		{1A3DECA5-FA4F-4F2B-A609-88BC3223EDD7}.Debug|ARM.Build.0 = Debug|ARM
		{1A3DECA5-FA4F-4F2B-A609-88BC3223EDD7}.Debug|ARM.Deploy.0 = Debug|ARM
		{1A3DECA5-FA4F-4F2B-A609-88BC3223EDD7}.Debug|iPhone.ActiveCfg = Debug|x86
		{1A3DECA5-FA4F-4F2B-A609-88BC3223EDD7}.Debug|iPhoneSimulator.ActiveCfg = Debug|x86
		{1A3DECA5-FA4F-4F2B-A609-88BC3223EDD7}.Debug|x64.ActiveCfg = Debug|x64
		{1A3DECA5-FA4F-4F2B-A609-88BC3223EDD7}.Debug|x64.Build.0 = Debug|x64
		{1A3DECA5-FA4F-4F2B-A609-88BC3223EDD7}.Debug|x64.Deploy.0 = Debug|x64
		{1A3DECA5-FA4F-4F2B-A609-88BC3223EDD7}.Debug|x86.ActiveCfg = Debug|x86
		{1A3DECA5-FA4F-4F2B-A609-88BC3223EDD7}.Debug|x86.Build.0 = Debug|x86
		{1A3DECA5-FA4F-4F2B-A609-88BC3223EDD7}.Debug|x86.Deploy.0 = Debug|x86
		{1A3DECA5-FA4F-4F2B-A609-88BC3223EDD7}.Release|Any CPU.ActiveCfg = Release|x86
		{1A3DECA5-FA4F-4F2B-A609-88BC3223EDD7}.Release|ARM.ActiveCfg = Release|ARM
		{1A3DECA5-FA4F-4F2B-A609-88BC3223EDD7}.Release|ARM.Build.0 = Release|ARM
		{1A3DECA5-FA4F-4F2B-A609-88BC3223EDD7}.Release|ARM.Deploy.0 = Release|ARM
		{1A3DECA5-FA4F-4F2B-A609-88BC3223EDD7}.Release|iPhone.ActiveCfg = Release|x86
		{1A3DECA5-FA4F-4F2B-A609-88BC3223EDD7}.Release|iPhoneSimulator.ActiveCfg = Release|x86
		{1A3DECA5-FA4F-4F2B-A609-88BC3223EDD7}.Release|x64.ActiveCfg = Release|x64
		{1A3DECA5-FA4F-4F2B-A609-88BC3223EDD7}.Release|x64.Build.0 = Release|x64
		{1A3DECA5-FA4F-4F2B-A609-88BC3223EDD7}.Release|x64.Deploy.0 = Release|x64
		{1A3DECA5-FA4F-4F2B-A609-88BC3223EDD7}.Release|x86.ActiveCfg = Release|x86
		{1A3DECA5-FA4F-4F2B-A609-88BC3223EDD7}.Release|x86.Build.0 = Release|x86
		{1A3DECA5-FA4F-4F2B-A609-88BC3223EDD7}.Release|x86.Deploy.0 = Release|x86
	EndGlobalSection
	GlobalSection(SolutionProperties) = preSolution
		HideSolutionNode = FALSE
	EndGlobalSection
	GlobalSection(ExtensibilityGlobals) = postSolution
		SolutionGuid = {B4088B54-E4F3-46F9-9CF8-28205284892A}
	EndGlobalSection
EndGlobal
